// !$*UTF8*$!
{
	archiveVersion = 1;
	classes = {
	};
	objectVersion = 46;
	objects = {

/* Begin PBXBuildFile section */
		C63BC2AB1525614700B8E122 /* back-button.png in Resources */ = {isa = PBXBuildFile; fileRef = C63BC2851525614700B8E122 /* back-button.png */; };
		C63BC2AC1525614700B8E122 /* back-button@2x.png in Resources */ = {isa = PBXBuildFile; fileRef = C63BC2861525614700B8E122 /* back-button@2x.png */; };
		C63BC2AD1525614700B8E122 /* cell-background-selected.png in Resources */ = {isa = PBXBuildFile; fileRef = C63BC2871525614700B8E122 /* cell-background-selected.png */; };
		C63BC2AE1525614700B8E122 /* cell-background-selected@2x.png in Resources */ = {isa = PBXBuildFile; fileRef = C63BC2881525614700B8E122 /* cell-background-selected@2x.png */; };
		C63BC2AF1525614700B8E122 /* cell-background.png in Resources */ = {isa = PBXBuildFile; fileRef = C63BC2891525614700B8E122 /* cell-background.png */; };
		C63BC2B01525614700B8E122 /* cell-background@2x.png in Resources */ = {isa = PBXBuildFile; fileRef = C63BC28A1525614700B8E122 /* cell-background@2x.png */; };
		C63BC2B11525614700B8E122 /* desk.png in Resources */ = {isa = PBXBuildFile; fileRef = C63BC28B1525614700B8E122 /* desk.png */; };
		C63BC2B21525614700B8E122 /* desk@2x.png in Resources */ = {isa = PBXBuildFile; fileRef = C63BC28C1525614700B8E122 /* desk@2x.png */; };
		C63BC2B31525614700B8E122 /* drew-thumb.png in Resources */ = {isa = PBXBuildFile; fileRef = C63BC28D1525614700B8E122 /* drew-thumb.png */; };
		C63BC2B41525614700B8E122 /* drew-thumb@2x.png in Resources */ = {isa = PBXBuildFile; fileRef = C63BC28E1525614700B8E122 /* drew-thumb@2x.png */; };
		C63BC2B51525614700B8E122 /* drew.jpg in Resources */ = {isa = PBXBuildFile; fileRef = C63BC28F1525614700B8E122 /* drew.jpg */; };
		C63BC2B61525614700B8E122 /* navbar-icon.png in Resources */ = {isa = PBXBuildFile; fileRef = C63BC2901525614700B8E122 /* navbar-icon.png */; };
		C63BC2B71525614700B8E122 /* navbar-icon@2x.png in Resources */ = {isa = PBXBuildFile; fileRef = C63BC2911525614700B8E122 /* navbar-icon@2x.png */; };
		C63BC2B81525614700B8E122 /* navbar.png in Resources */ = {isa = PBXBuildFile; fileRef = C63BC2921525614700B8E122 /* navbar.png */; };
		C63BC2B91525614700B8E122 /* navbar@2x.png in Resources */ = {isa = PBXBuildFile; fileRef = C63BC2931525614700B8E122 /* navbar@2x.png */; };
		C63BC2BA1525614700B8E122 /* pete-thumb.png in Resources */ = {isa = PBXBuildFile; fileRef = C63BC2941525614700B8E122 /* pete-thumb.png */; };
		C63BC2BB1525614700B8E122 /* pete-thumb@2x.png in Resources */ = {isa = PBXBuildFile; fileRef = C63BC2951525614700B8E122 /* pete-thumb@2x.png */; };
		C63BC2BC1525614700B8E122 /* pete.jpg in Resources */ = {isa = PBXBuildFile; fileRef = C63BC2961525614700B8E122 /* pete.jpg */; };
		C63BC2BD1525614700B8E122 /* sean-matt-thumb.png in Resources */ = {isa = PBXBuildFile; fileRef = C63BC2971525614700B8E122 /* sean-matt-thumb.png */; };
		C63BC2BE1525614700B8E122 /* sean-matt-thumb@2x.png in Resources */ = {isa = PBXBuildFile; fileRef = C63BC2981525614700B8E122 /* sean-matt-thumb@2x.png */; };
		C63BC2BF1525614700B8E122 /* sean-matt.jpg in Resources */ = {isa = PBXBuildFile; fileRef = C63BC2991525614700B8E122 /* sean-matt.jpg */; };
		C63BC2C01525614700B8E122 /* sean-thumb.png in Resources */ = {isa = PBXBuildFile; fileRef = C63BC29A1525614700B8E122 /* sean-thumb.png */; };
		C63BC2C11525614700B8E122 /* sean-thumb@2x.png in Resources */ = {isa = PBXBuildFile; fileRef = C63BC29B1525614700B8E122 /* sean-thumb@2x.png */; };
		C63BC2C21525614700B8E122 /* sean.jpg in Resources */ = {isa = PBXBuildFile; fileRef = C63BC29C1525614700B8E122 /* sean.jpg */; };
		C63BC2C31525614700B8E122 /* speaker-detail-bg.jpg in Resources */ = {isa = PBXBuildFile; fileRef = C63BC29D1525614700B8E122 /* speaker-detail-bg.jpg */; };
		C63BC2C41525614700B8E122 /* speaker-detail-bg@2x.jpg in Resources */ = {isa = PBXBuildFile; fileRef = C63BC29E1525614700B8E122 /* speaker-detail-bg@2x.jpg */; };
		C63BC2C51525614700B8E122 /* speakers-tab-bar-item.png in Resources */ = {isa = PBXBuildFile; fileRef = C63BC29F1525614700B8E122 /* speakers-tab-bar-item.png */; };
		C63BC2C61525614700B8E122 /* speakers-tab-bar-item@2x.png in Resources */ = {isa = PBXBuildFile; fileRef = C63BC2A01525614700B8E122 /* speakers-tab-bar-item@2x.png */; };
		C63BC2C71525614700B8E122 /* speakers-tab-bar-selected-item.png in Resources */ = {isa = PBXBuildFile; fileRef = C63BC2A11525614700B8E122 /* speakers-tab-bar-selected-item.png */; };
		C63BC2C81525614700B8E122 /* speakers-tab-bar-selected-item@2x.png in Resources */ = {isa = PBXBuildFile; fileRef = C63BC2A21525614700B8E122 /* speakers-tab-bar-selected-item@2x.png */; };
		C63BC2C91525614700B8E122 /* sponsors-tab-bar-item.png in Resources */ = {isa = PBXBuildFile; fileRef = C63BC2A31525614700B8E122 /* sponsors-tab-bar-item.png */; };
		C63BC2CA1525614700B8E122 /* sponsors-tab-bar-item@2x.png in Resources */ = {isa = PBXBuildFile; fileRef = C63BC2A41525614700B8E122 /* sponsors-tab-bar-item@2x.png */; };
		C63BC2CB1525614700B8E122 /* sponsors-tab-bar-selected-item.png in Resources */ = {isa = PBXBuildFile; fileRef = C63BC2A51525614700B8E122 /* sponsors-tab-bar-selected-item.png */; };
		C63BC2CC1525614700B8E122 /* sponsors-tab-bar-selected-item@2x.png in Resources */ = {isa = PBXBuildFile; fileRef = C63BC2A61525614700B8E122 /* sponsors-tab-bar-selected-item@2x.png */; };
		C63BC2CD1525614700B8E122 /* tabbar-item.png in Resources */ = {isa = PBXBuildFile; fileRef = C63BC2A71525614700B8E122 /* tabbar-item.png */; };
		C63BC2CE1525614700B8E122 /* tabbar-item@2x.png in Resources */ = {isa = PBXBuildFile; fileRef = C63BC2A81525614700B8E122 /* tabbar-item@2x.png */; };
		C63BC2CF1525614700B8E122 /* tabbar.png in Resources */ = {isa = PBXBuildFile; fileRef = C63BC2A91525614700B8E122 /* tabbar.png */; };
		C63BC2D01525614700B8E122 /* tabbar@2x.png in Resources */ = {isa = PBXBuildFile; fileRef = C63BC2AA1525614700B8E122 /* tabbar@2x.png */; };
		C683552A15250ACC00AF4DAC /* UIKit.framework in Frameworks */ = {isa = PBXBuildFile; fileRef = C683552915250ACC00AF4DAC /* UIKit.framework */; };
		C683552C15250ACC00AF4DAC /* Foundation.framework in Frameworks */ = {isa = PBXBuildFile; fileRef = C683552B15250ACC00AF4DAC /* Foundation.framework */; };
		C683552E15250ACC00AF4DAC /* CoreGraphics.framework in Frameworks */ = {isa = PBXBuildFile; fileRef = C683552D15250ACC00AF4DAC /* CoreGraphics.framework */; };
		C683553415250ACC00AF4DAC /* InfoPlist.strings in Resources */ = {isa = PBXBuildFile; fileRef = C683553215250ACC00AF4DAC /* InfoPlist.strings */; };
		C683553615250ACC00AF4DAC /* main.m in Sources */ = {isa = PBXBuildFile; fileRef = C683553515250ACC00AF4DAC /* main.m */; };
		C683553A15250ACC00AF4DAC /* DDAppDelegate.m in Sources */ = {isa = PBXBuildFile; fileRef = C683553915250ACC00AF4DAC /* DDAppDelegate.m */; };
		C683553D15250ACC00AF4DAC /* MainStoryboard.storyboard in Resources */ = {isa = PBXBuildFile; fileRef = C683553B15250ACC00AF4DAC /* MainStoryboard.storyboard */; };
		C683554015250ACC00AF4DAC /* DDSpeakerViewController.m in Sources */ = {isa = PBXBuildFile; fileRef = C683553F15250ACC00AF4DAC /* DDSpeakerViewController.m */; };
		C683554715250ADE00AF4DAC /* app-icon.png in Resources */ = {isa = PBXBuildFile; fileRef = C683554615250ADE00AF4DAC /* app-icon.png */; };
		C683554915250AE800AF4DAC /* app-icon@2x.png in Resources */ = {isa = PBXBuildFile; fileRef = C683554815250AE800AF4DAC /* app-icon@2x.png */; };
		C683554B15250B5200AF4DAC /* Default.png in Resources */ = {isa = PBXBuildFile; fileRef = C683554A15250B5200AF4DAC /* Default.png */; };
		C683554D15250B5500AF4DAC /* Default@2x.png in Resources */ = {isa = PBXBuildFile; fileRef = C683554C15250B5500AF4DAC /* Default@2x.png */; };
/* End PBXBuildFile section */

/* Begin PBXFileReference section */
		C63BC2851525614700B8E122 /* back-button.png */ = {isa = PBXFileReference; lastKnownFileType = image.png; path = "back-button.png"; sourceTree = "<group>"; };
		C63BC2861525614700B8E122 /* back-button@2x.png */ = {isa = PBXFileReference; lastKnownFileType = image.png; path = "back-button@2x.png"; sourceTree = "<group>"; };
		C63BC2871525614700B8E122 /* cell-background-selected.png */ = {isa = PBXFileReference; lastKnownFileType = image.png; path = "cell-background-selected.png"; sourceTree = "<group>"; };
		C63BC2881525614700B8E122 /* cell-background-selected@2x.png */ = {isa = PBXFileReference; lastKnownFileType = image.png; path = "cell-background-selected@2x.png"; sourceTree = "<group>"; };
		C63BC2891525614700B8E122 /* cell-background.png */ = {isa = PBXFileReference; lastKnownFileType = image.png; path = "cell-background.png"; sourceTree = "<group>"; };
		C63BC28A1525614700B8E122 /* cell-background@2x.png */ = {isa = PBXFileReference; lastKnownFileType = image.png; path = "cell-background@2x.png"; sourceTree = "<group>"; };
		C63BC28B1525614700B8E122 /* desk.png */ = {isa = PBXFileReference; lastKnownFileType = image.png; path = desk.png; sourceTree = "<group>"; };
		C63BC28C1525614700B8E122 /* desk@2x.png */ = {isa = PBXFileReference; lastKnownFileType = image.png; path = "desk@2x.png"; sourceTree = "<group>"; };
		C63BC28D1525614700B8E122 /* drew-thumb.png */ = {isa = PBXFileReference; lastKnownFileType = image.png; path = "drew-thumb.png"; sourceTree = "<group>"; };
		C63BC28E1525614700B8E122 /* drew-thumb@2x.png */ = {isa = PBXFileReference; lastKnownFileType = image.png; path = "drew-thumb@2x.png"; sourceTree = "<group>"; };
		C63BC28F1525614700B8E122 /* drew.jpg */ = {isa = PBXFileReference; lastKnownFileType = image.jpeg; path = drew.jpg; sourceTree = "<group>"; };
		C63BC2901525614700B8E122 /* navbar-icon.png */ = {isa = PBXFileReference; lastKnownFileType = image.png; path = "navbar-icon.png"; sourceTree = "<group>"; };
		C63BC2911525614700B8E122 /* navbar-icon@2x.png */ = {isa = PBXFileReference; lastKnownFileType = image.png; path = "navbar-icon@2x.png"; sourceTree = "<group>"; };
		C63BC2921525614700B8E122 /* navbar.png */ = {isa = PBXFileReference; lastKnownFileType = image.png; path = navbar.png; sourceTree = "<group>"; };
		C63BC2931525614700B8E122 /* navbar@2x.png */ = {isa = PBXFileReference; lastKnownFileType = image.png; path = "navbar@2x.png"; sourceTree = "<group>"; };
		C63BC2941525614700B8E122 /* pete-thumb.png */ = {isa = PBXFileReference; lastKnownFileType = image.png; path = "pete-thumb.png"; sourceTree = "<group>"; };
		C63BC2951525614700B8E122 /* pete-thumb@2x.png */ = {isa = PBXFileReference; lastKnownFileType = image.png; path = "pete-thumb@2x.png"; sourceTree = "<group>"; };
		C63BC2961525614700B8E122 /* pete.jpg */ = {isa = PBXFileReference; lastKnownFileType = image.jpeg; path = pete.jpg; sourceTree = "<group>"; };
		C63BC2971525614700B8E122 /* sean-matt-thumb.png */ = {isa = PBXFileReference; lastKnownFileType = image.png; path = "sean-matt-thumb.png"; sourceTree = "<group>"; };
		C63BC2981525614700B8E122 /* sean-matt-thumb@2x.png */ = {isa = PBXFileReference; lastKnownFileType = image.png; path = "sean-matt-thumb@2x.png"; sourceTree = "<group>"; };
		C63BC2991525614700B8E122 /* sean-matt.jpg */ = {isa = PBXFileReference; lastKnownFileType = image.jpeg; path = "sean-matt.jpg"; sourceTree = "<group>"; };
		C63BC29A1525614700B8E122 /* sean-thumb.png */ = {isa = PBXFileReference; lastKnownFileType = image.png; path = "sean-thumb.png"; sourceTree = "<group>"; };
		C63BC29B1525614700B8E122 /* sean-thumb@2x.png */ = {isa = PBXFileReference; lastKnownFileType = image.png; path = "sean-thumb@2x.png"; sourceTree = "<group>"; };
		C63BC29C1525614700B8E122 /* sean.jpg */ = {isa = PBXFileReference; lastKnownFileType = image.jpeg; path = sean.jpg; sourceTree = "<group>"; };
		C63BC29D1525614700B8E122 /* speaker-detail-bg.jpg */ = {isa = PBXFileReference; lastKnownFileType = image.jpeg; path = "speaker-detail-bg.jpg"; sourceTree = "<group>"; };
		C63BC29E1525614700B8E122 /* speaker-detail-bg@2x.jpg */ = {isa = PBXFileReference; lastKnownFileType = image.jpeg; path = "speaker-detail-bg@2x.jpg"; sourceTree = "<group>"; };
		C63BC29F1525614700B8E122 /* speakers-tab-bar-item.png */ = {isa = PBXFileReference; lastKnownFileType = image.png; path = "speakers-tab-bar-item.png"; sourceTree = "<group>"; };
		C63BC2A01525614700B8E122 /* speakers-tab-bar-item@2x.png */ = {isa = PBXFileReference; lastKnownFileType = image.png; path = "speakers-tab-bar-item@2x.png"; sourceTree = "<group>"; };
		C63BC2A11525614700B8E122 /* speakers-tab-bar-selected-item.png */ = {isa = PBXFileReference; lastKnownFileType = image.png; path = "speakers-tab-bar-selected-item.png"; sourceTree = "<group>"; };
		C63BC2A21525614700B8E122 /* speakers-tab-bar-selected-item@2x.png */ = {isa = PBXFileReference; lastKnownFileType = image.png; path = "speakers-tab-bar-selected-item@2x.png"; sourceTree = "<group>"; };
		C63BC2A31525614700B8E122 /* sponsors-tab-bar-item.png */ = {isa = PBXFileReference; lastKnownFileType = image.png; path = "sponsors-tab-bar-item.png"; sourceTree = "<group>"; };
		C63BC2A41525614700B8E122 /* sponsors-tab-bar-item@2x.png */ = {isa = PBXFileReference; lastKnownFileType = image.png; path = "sponsors-tab-bar-item@2x.png"; sourceTree = "<group>"; };
		C63BC2A51525614700B8E122 /* sponsors-tab-bar-selected-item.png */ = {isa = PBXFileReference; lastKnownFileType = image.png; path = "sponsors-tab-bar-selected-item.png"; sourceTree = "<group>"; };
		C63BC2A61525614700B8E122 /* sponsors-tab-bar-selected-item@2x.png */ = {isa = PBXFileReference; lastKnownFileType = image.png; path = "sponsors-tab-bar-selected-item@2x.png"; sourceTree = "<group>"; };
		C63BC2A71525614700B8E122 /* tabbar-item.png */ = {isa = PBXFileReference; lastKnownFileType = image.png; path = "tabbar-item.png"; sourceTree = "<group>"; };
		C63BC2A81525614700B8E122 /* tabbar-item@2x.png */ = {isa = PBXFileReference; lastKnownFileType = image.png; path = "tabbar-item@2x.png"; sourceTree = "<group>"; };
		C63BC2A91525614700B8E122 /* tabbar.png */ = {isa = PBXFileReference; lastKnownFileType = image.png; path = tabbar.png; sourceTree = "<group>"; };
		C63BC2AA1525614700B8E122 /* tabbar@2x.png */ = {isa = PBXFileReference; lastKnownFileType = image.png; path = "tabbar@2x.png"; sourceTree = "<group>"; };
		C683552515250ACC00AF4DAC /* Dev-Denver.app */ = {isa = PBXFileReference; explicitFileType = wrapper.application; includeInIndex = 0; path = "Dev-Denver.app"; sourceTree = BUILT_PRODUCTS_DIR; };
		C683552915250ACC00AF4DAC /* UIKit.framework */ = {isa = PBXFileReference; lastKnownFileType = wrapper.framework; name = UIKit.framework; path = System/Library/Frameworks/UIKit.framework; sourceTree = SDKROOT; };
		C683552B15250ACC00AF4DAC /* Foundation.framework */ = {isa = PBXFileReference; lastKnownFileType = wrapper.framework; name = Foundation.framework; path = System/Library/Frameworks/Foundation.framework; sourceTree = SDKROOT; };
		C683552D15250ACC00AF4DAC /* CoreGraphics.framework */ = {isa = PBXFileReference; lastKnownFileType = wrapper.framework; name = CoreGraphics.framework; path = System/Library/Frameworks/CoreGraphics.framework; sourceTree = SDKROOT; };
		C683553115250ACC00AF4DAC /* Dev-Denver-Info.plist */ = {isa = PBXFileReference; lastKnownFileType = text.plist.xml; path = "Dev-Denver-Info.plist"; sourceTree = "<group>"; };
		C683553315250ACC00AF4DAC /* en */ = {isa = PBXFileReference; lastKnownFileType = text.plist.strings; name = en; path = en.lproj/InfoPlist.strings; sourceTree = "<group>"; };
		C683553515250ACC00AF4DAC /* main.m */ = {isa = PBXFileReference; lastKnownFileType = sourcecode.c.objc; path = main.m; sourceTree = "<group>"; };
		C683553715250ACC00AF4DAC /* Dev-Denver-Prefix.pch */ = {isa = PBXFileReference; lastKnownFileType = sourcecode.c.h; path = "Dev-Denver-Prefix.pch"; sourceTree = "<group>"; };
		C683553815250ACC00AF4DAC /* DDAppDelegate.h */ = {isa = PBXFileReference; lastKnownFileType = sourcecode.c.h; path = DDAppDelegate.h; sourceTree = "<group>"; };
		C683553915250ACC00AF4DAC /* DDAppDelegate.m */ = {isa = PBXFileReference; lastKnownFileType = sourcecode.c.objc; path = DDAppDelegate.m; sourceTree = "<group>"; };
		C683553C15250ACC00AF4DAC /* en */ = {isa = PBXFileReference; lastKnownFileType = file.storyboard; name = en; path = en.lproj/MainStoryboard.storyboard; sourceTree = "<group>"; };
		C683553E15250ACC00AF4DAC /* DDSpeakerViewController.h */ = {isa = PBXFileReference; lastKnownFileType = sourcecode.c.h; path = DDSpeakerViewController.h; sourceTree = "<group>"; };
		C683553F15250ACC00AF4DAC /* DDSpeakerViewController.m */ = {isa = PBXFileReference; lastKnownFileType = sourcecode.c.objc; path = DDSpeakerViewController.m; sourceTree = "<group>"; };
		C683554615250ADE00AF4DAC /* app-icon.png */ = {isa = PBXFileReference; lastKnownFileType = image.png; path = "app-icon.png"; sourceTree = "<group>"; };
		C683554815250AE800AF4DAC /* app-icon@2x.png */ = {isa = PBXFileReference; lastKnownFileType = image.png; path = "app-icon@2x.png"; sourceTree = "<group>"; };
		C683554A15250B5200AF4DAC /* Default.png */ = {isa = PBXFileReference; lastKnownFileType = image.png; path = Default.png; sourceTree = "<group>"; };
		C683554C15250B5500AF4DAC /* Default@2x.png */ = {isa = PBXFileReference; lastKnownFileType = image.png; path = "Default@2x.png"; sourceTree = "<group>"; };
/* End PBXFileReference section */

/* Begin PBXFrameworksBuildPhase section */
		C683552215250ACC00AF4DAC /* Frameworks */ = {
			isa = PBXFrameworksBuildPhase;
			buildActionMask = 2147483647;
			files = (
				C683552A15250ACC00AF4DAC /* UIKit.framework in Frameworks */,
				C683552C15250ACC00AF4DAC /* Foundation.framework in Frameworks */,
				C683552E15250ACC00AF4DAC /* CoreGraphics.framework in Frameworks */,
			);
			runOnlyForDeploymentPostprocessing = 0;
		};
/* End PBXFrameworksBuildPhase section */

/* Begin PBXGroup section */
		C63BC28315255FCF00B8E122 /* Resources */ = {
			isa = PBXGroup;
			children = (
				C63BC2851525614700B8E122 /* back-button.png */,
				C63BC2861525614700B8E122 /* back-button@2x.png */,
				C63BC2871525614700B8E122 /* cell-background-selected.png */,
				C63BC2881525614700B8E122 /* cell-background-selected@2x.png */,
				C63BC2891525614700B8E122 /* cell-background.png */,
				C63BC28A1525614700B8E122 /* cell-background@2x.png */,
				C63BC28B1525614700B8E122 /* desk.png */,
				C63BC28C1525614700B8E122 /* desk@2x.png */,
				C63BC28D1525614700B8E122 /* drew-thumb.png */,
				C63BC28E1525614700B8E122 /* drew-thumb@2x.png */,
				C63BC28F1525614700B8E122 /* drew.jpg */,
				C63BC2901525614700B8E122 /* navbar-icon.png */,
				C63BC2911525614700B8E122 /* navbar-icon@2x.png */,
				C63BC2921525614700B8E122 /* navbar.png */,
				C63BC2931525614700B8E122 /* navbar@2x.png */,
				C63BC2941525614700B8E122 /* pete-thumb.png */,
				C63BC2951525614700B8E122 /* pete-thumb@2x.png */,
				C63BC2961525614700B8E122 /* pete.jpg */,
				C63BC2971525614700B8E122 /* sean-matt-thumb.png */,
				C63BC2981525614700B8E122 /* sean-matt-thumb@2x.png */,
				C63BC2991525614700B8E122 /* sean-matt.jpg */,
				C63BC29A1525614700B8E122 /* sean-thumb.png */,
				C63BC29B1525614700B8E122 /* sean-thumb@2x.png */,
				C63BC29C1525614700B8E122 /* sean.jpg */,
				C63BC29D1525614700B8E122 /* speaker-detail-bg.jpg */,
				C63BC29E1525614700B8E122 /* speaker-detail-bg@2x.jpg */,
				C63BC29F1525614700B8E122 /* speakers-tab-bar-item.png */,
				C63BC2A01525614700B8E122 /* speakers-tab-bar-item@2x.png */,
				C63BC2A11525614700B8E122 /* speakers-tab-bar-selected-item.png */,
				C63BC2A21525614700B8E122 /* speakers-tab-bar-selected-item@2x.png */,
				C63BC2A31525614700B8E122 /* sponsors-tab-bar-item.png */,
				C63BC2A41525614700B8E122 /* sponsors-tab-bar-item@2x.png */,
				C63BC2A51525614700B8E122 /* sponsors-tab-bar-selected-item.png */,
				C63BC2A61525614700B8E122 /* sponsors-tab-bar-selected-item@2x.png */,
				C63BC2A71525614700B8E122 /* tabbar-item.png */,
				C63BC2A81525614700B8E122 /* tabbar-item@2x.png */,
				C63BC2A91525614700B8E122 /* tabbar.png */,
				C63BC2AA1525614700B8E122 /* tabbar@2x.png */,
			);
			name = Resources;
			sourceTree = "<group>";
		};
		C683551A15250ACC00AF4DAC = {
			isa = PBXGroup;
			children = (
				C63BC28315255FCF00B8E122 /* Resources */,
				C683554C15250B5500AF4DAC /* Default@2x.png */,
				C683554A15250B5200AF4DAC /* Default.png */,
				C683554815250AE800AF4DAC /* app-icon@2x.png */,
				C683554615250ADE00AF4DAC /* app-icon.png */,
				C683552F15250ACC00AF4DAC /* Dev-Denver */,
				C683552815250ACC00AF4DAC /* Frameworks */,
				C683552615250ACC00AF4DAC /* Products */,
			);
			sourceTree = "<group>";
		};
		C683552615250ACC00AF4DAC /* Products */ = {
			isa = PBXGroup;
			children = (
				C683552515250ACC00AF4DAC /* Dev-Denver.app */,
			);
			name = Products;
			sourceTree = "<group>";
		};
		C683552815250ACC00AF4DAC /* Frameworks */ = {
			isa = PBXGroup;
			children = (
				C683552915250ACC00AF4DAC /* UIKit.framework */,
				C683552B15250ACC00AF4DAC /* Foundation.framework */,
				C683552D15250ACC00AF4DAC /* CoreGraphics.framework */,
			);
			name = Frameworks;
			sourceTree = "<group>";
		};
		C683552F15250ACC00AF4DAC /* Dev-Denver */ = {
			isa = PBXGroup;
			children = (
				C683553815250ACC00AF4DAC /* DDAppDelegate.h */,
				C683553915250ACC00AF4DAC /* DDAppDelegate.m */,
				C683553B15250ACC00AF4DAC /* MainStoryboard.storyboard */,
				C683553E15250ACC00AF4DAC /* DDSpeakerViewController.h */,
				C683553F15250ACC00AF4DAC /* DDSpeakerViewController.m */,
				C683553015250ACC00AF4DAC /* Supporting Files */,
			);
			path = "Dev-Denver";
			sourceTree = "<group>";
		};
		C683553015250ACC00AF4DAC /* Supporting Files */ = {
			isa = PBXGroup;
			children = (
				C683553115250ACC00AF4DAC /* Dev-Denver-Info.plist */,
				C683553215250ACC00AF4DAC /* InfoPlist.strings */,
				C683553515250ACC00AF4DAC /* main.m */,
				C683553715250ACC00AF4DAC /* Dev-Denver-Prefix.pch */,
			);
			name = "Supporting Files";
			sourceTree = "<group>";
		};
/* End PBXGroup section */

/* Begin PBXNativeTarget section */
		C683552415250ACC00AF4DAC /* Dev-Denver */ = {
			isa = PBXNativeTarget;
			buildConfigurationList = C683554315250ACC00AF4DAC /* Build configuration list for PBXNativeTarget "Dev-Denver" */;
			buildPhases = (
				C683552115250ACC00AF4DAC /* Sources */,
				C683552215250ACC00AF4DAC /* Frameworks */,
				C683552315250ACC00AF4DAC /* Resources */,
			);
			buildRules = (
			);
			dependencies = (
			);
			name = "Dev-Denver";
			productName = "Dev-Denver";
			productReference = C683552515250ACC00AF4DAC /* Dev-Denver.app */;
			productType = "com.apple.product-type.application";
		};
/* End PBXNativeTarget section */

/* Begin PBXProject section */
		C683551C15250ACC00AF4DAC /* Project object */ = {
			isa = PBXProject;
			attributes = {
				CLASSPREFIX = DD;
				LastUpgradeCheck = 0430;
				ORGANIZATIONNAME = "process255, LLC";
			};
			buildConfigurationList = C683551F15250ACC00AF4DAC /* Build configuration list for PBXProject "Dev-Denver" */;
			compatibilityVersion = "Xcode 3.2";
			developmentRegion = English;
			hasScannedForEncodings = 0;
			knownRegions = (
				en,
			);
			mainGroup = C683551A15250ACC00AF4DAC;
			productRefGroup = C683552615250ACC00AF4DAC /* Products */;
			projectDirPath = "";
			projectRoot = "";
			targets = (
				C683552415250ACC00AF4DAC /* Dev-Denver */,
			);
		};
/* End PBXProject section */

/* Begin PBXResourcesBuildPhase section */
		C683552315250ACC00AF4DAC /* Resources */ = {
			isa = PBXResourcesBuildPhase;
			buildActionMask = 2147483647;
			files = (
				C683553415250ACC00AF4DAC /* InfoPlist.strings in Resources */,
				C683553D15250ACC00AF4DAC /* MainStoryboard.storyboard in Resources */,
				C683554715250ADE00AF4DAC /* app-icon.png in Resources */,
				C683554915250AE800AF4DAC /* app-icon@2x.png in Resources */,
				C683554B15250B5200AF4DAC /* Default.png in Resources */,
				C683554D15250B5500AF4DAC /* Default@2x.png in Resources */,
				C63BC2AB1525614700B8E122 /* back-button.png in Resources */,
				C63BC2AC1525614700B8E122 /* back-button@2x.png in Resources */,
				C63BC2AD1525614700B8E122 /* cell-background-selected.png in Resources */,
				C63BC2AE1525614700B8E122 /* cell-background-selected@2x.png in Resources */,
				C63BC2AF1525614700B8E122 /* cell-background.png in Resources */,
				C63BC2B01525614700B8E122 /* cell-background@2x.png in Resources */,
				C63BC2B11525614700B8E122 /* desk.png in Resources */,
				C63BC2B21525614700B8E122 /* desk@2x.png in Resources */,
				C63BC2B31525614700B8E122 /* drew-thumb.png in Resources */,
				C63BC2B41525614700B8E122 /* drew-thumb@2x.png in Resources */,
				C63BC2B51525614700B8E122 /* drew.jpg in Resources */,
				C63BC2B61525614700B8E122 /* navbar-icon.png in Resources */,
				C63BC2B71525614700B8E122 /* navbar-icon@2x.png in Resources */,
				C63BC2B81525614700B8E122 /* navbar.png in Resources */,
				C63BC2B91525614700B8E122 /* navbar@2x.png in Resources */,
				C63BC2BA1525614700B8E122 /* pete-thumb.png in Resources */,
				C63BC2BB1525614700B8E122 /* pete-thumb@2x.png in Resources */,
				C63BC2BC1525614700B8E122 /* pete.jpg in Resources */,
				C63BC2BD1525614700B8E122 /* sean-matt-thumb.png in Resources */,
				C63BC2BE1525614700B8E122 /* sean-matt-thumb@2x.png in Resources */,
				C63BC2BF1525614700B8E122 /* sean-matt.jpg in Resources */,
				C63BC2C01525614700B8E122 /* sean-thumb.png in Resources */,
				C63BC2C11525614700B8E122 /* sean-thumb@2x.png in Resources */,
				C63BC2C21525614700B8E122 /* sean.jpg in Resources */,
				C63BC2C31525614700B8E122 /* speaker-detail-bg.jpg in Resources */,
				C63BC2C41525614700B8E122 /* speaker-detail-bg@2x.jpg in Resources */,
				C63BC2C51525614700B8E122 /* speakers-tab-bar-item.png in Resources */,
				C63BC2C61525614700B8E122 /* speakers-tab-bar-item@2x.png in Resources */,
				C63BC2C71525614700B8E122 /* speakers-tab-bar-selected-item.png in Resources */,
				C63BC2C81525614700B8E122 /* speakers-tab-bar-selected-item@2x.png in Resources */,
				C63BC2C91525614700B8E122 /* sponsors-tab-bar-item.png in Resources */,
				C63BC2CA1525614700B8E122 /* sponsors-tab-bar-item@2x.png in Resources */,
				C63BC2CB1525614700B8E122 /* sponsors-tab-bar-selected-item.png in Resources */,
				C63BC2CC1525614700B8E122 /* sponsors-tab-bar-selected-item@2x.png in Resources */,
				C63BC2CD1525614700B8E122 /* tabbar-item.png in Resources */,
				C63BC2CE1525614700B8E122 /* tabbar-item@2x.png in Resources */,
				C63BC2CF1525614700B8E122 /* tabbar.png in Resources */,
				C63BC2D01525614700B8E122 /* tabbar@2x.png in Resources */,
			);
			runOnlyForDeploymentPostprocessing = 0;
		};
/* End PBXResourcesBuildPhase section */

/* Begin PBXSourcesBuildPhase section */
		C683552115250ACC00AF4DAC /* Sources */ = {
			isa = PBXSourcesBuildPhase;
			buildActionMask = 2147483647;
			files = (
				C683553615250ACC00AF4DAC /* main.m in Sources */,
				C683553A15250ACC00AF4DAC /* DDAppDelegate.m in Sources */,
				C683554015250ACC00AF4DAC /* DDSpeakerViewController.m in Sources */,
			);
			runOnlyForDeploymentPostprocessing = 0;
		};
/* End PBXSourcesBuildPhase section */

/* Begin PBXVariantGroup section */
		C683553215250ACC00AF4DAC /* InfoPlist.strings */ = {
			isa = PBXVariantGroup;
			children = (
				C683553315250ACC00AF4DAC /* en */,
			);
			name = InfoPlist.strings;
			sourceTree = "<group>";
		};
		C683553B15250ACC00AF4DAC /* MainStoryboard.storyboard */ = {
			isa = PBXVariantGroup;
			children = (
				C683553C15250ACC00AF4DAC /* en */,
			);
			name = MainStoryboard.storyboard;
			sourceTree = "<group>";
		};
/* End PBXVariantGroup section */

/* Begin XCBuildConfiguration section */
		C683554115250ACC00AF4DAC /* Debug */ = {
			isa = XCBuildConfiguration;
			buildSettings = {
				ALWAYS_SEARCH_USER_PATHS = NO;
				ARCHS = "$(ARCHS_STANDARD_32_BIT)";
				CLANG_ENABLE_OBJC_ARC = YES;
				"CODE_SIGN_IDENTITY[sdk=iphoneos*]" = "iPhone Developer";
				COPY_PHASE_STRIP = NO;
				GCC_C_LANGUAGE_STANDARD = gnu99;
				GCC_DYNAMIC_NO_PIC = NO;
				GCC_OPTIMIZATION_LEVEL = 0;
				GCC_PREPROCESSOR_DEFINITIONS = (
					"DEBUG=1",
					"$(inherited)",
				);
				GCC_SYMBOLS_PRIVATE_EXTERN = NO;
				GCC_VERSION = com.apple.compilers.llvm.clang.1_0;
				GCC_WARN_ABOUT_RETURN_TYPE = YES;
				GCC_WARN_UNINITIALIZED_AUTOS = YES;
				GCC_WARN_UNUSED_VARIABLE = YES;
				IPHONEOS_DEPLOYMENT_TARGET = 5.1;
				SDKROOT = iphoneos;
			};
			name = Debug;
		};
		C683554215250ACC00AF4DAC /* Release */ = {
			isa = XCBuildConfiguration;
			buildSettings = {
				ALWAYS_SEARCH_USER_PATHS = NO;
				ARCHS = "$(ARCHS_STANDARD_32_BIT)";
				CLANG_ENABLE_OBJC_ARC = YES;
				"CODE_SIGN_IDENTITY[sdk=iphoneos*]" = "iPhone Developer";
				COPY_PHASE_STRIP = YES;
				GCC_C_LANGUAGE_STANDARD = gnu99;
				GCC_VERSION = com.apple.compilers.llvm.clang.1_0;
				GCC_WARN_ABOUT_RETURN_TYPE = YES;
				GCC_WARN_UNINITIALIZED_AUTOS = YES;
				GCC_WARN_UNUSED_VARIABLE = YES;
				IPHONEOS_DEPLOYMENT_TARGET = 5.1;
				OTHER_CFLAGS = "-DNS_BLOCK_ASSERTIONS=1";
				SDKROOT = iphoneos;
				VALIDATE_PRODUCT = YES;
			};
			name = Release;
		};
		C683554415250ACC00AF4DAC /* Debug */ = {
			isa = XCBuildConfiguration;
			buildSettings = {
				GCC_PRECOMPILE_PREFIX_HEADER = YES;
				GCC_PREFIX_HEADER = "Dev-Denver/Dev-Denver-Prefix.pch";
				INFOPLIST_FILE = "Dev-Denver/Dev-Denver-Info.plist";
				PRODUCT_NAME = "$(TARGET_NAME)";
				WRAPPER_EXTENSION = app;
			};
			name = Debug;
		};
		C683554515250ACC00AF4DAC /* Release */ = {
			isa = XCBuildConfiguration;
			buildSettings = {
				GCC_PRECOMPILE_PREFIX_HEADER = YES;
				GCC_PREFIX_HEADER = "Dev-Denver/Dev-Denver-Prefix.pch";
				INFOPLIST_FILE = "Dev-Denver/Dev-Denver-Info.plist";
				PRODUCT_NAME = "$(TARGET_NAME)";
				WRAPPER_EXTENSION = app;
			};
			name = Release;
		};
/* End XCBuildConfiguration section */

/* Begin XCConfigurationList section */
		C683551F15250ACC00AF4DAC /* Build configuration list for PBXProject "Dev-Denver" */ = {
			isa = XCConfigurationList;
			buildConfigurations = (
				C683554115250ACC00AF4DAC /* Debug */,
				C683554215250ACC00AF4DAC /* Release */,
			);
			defaultConfigurationIsVisible = 0;
			defaultConfigurationName = Release;
		};
		C683554315250ACC00AF4DAC /* Build configuration list for PBXNativeTarget "Dev-Denver" */ = {
			isa = XCConfigurationList;
			buildConfigurations = (
				C683554415250ACC00AF4DAC /* Debug */,
				C683554515250ACC00AF4DAC /* Release */,
			);
			defaultConfigurationIsVisible = 0;
			defaultConfigurationName = Release;
		};
/* End XCConfigurationList section */
	};
	rootObject = C683551C15250ACC00AF4DAC /* Project object */;
}
